
Microsoft Visual Studio Solution File, Format Version 12.00
# Visual Studio 15
VisualStudioVersion = 15.0.28307.645
MinimumVisualStudioVersion = 10.0.40219.1
Project("{9A19103F-16F7-4668-BE54-9A1E7A4F7556}") = "Parkingspot", "Parkingspot.csproj", "{A744D16D-1313-499E-9AEC-783CE5DF7416}"
EndProject
Global
	GlobalSection(SolutionConfigurationPlatforms) = preSolution
		Debug|Any CPU = Debug|Any CPU
		Release|Any CPU = Release|Any CPU
	EndGlobalSection
	GlobalSection(ProjectConfigurationPlatforms) = postSolution
		{A744D16D-1313-499E-9AEC-783CE5DF7416}.Debug|Any CPU.ActiveCfg = Debug|Any CPU
		{A744D16D-1313-499E-9AEC-783CE5DF7416}.Debug|Any CPU.Build.0 = Debug|Any CPU
		{A744D16D-1313-499E-9AEC-783CE5DF7416}.Release|Any CPU.ActiveCfg = Release|Any CPU
		{A744D16D-1313-499E-9AEC-783CE5DF7416}.Release|Any CPU.Build.0 = Release|Any CPU
	EndGlobalSection
	GlobalSection(SolutionProperties) = preSolution
		HideSolutionNode = FALSE
	EndGlobalSection
	GlobalSection(ExtensibilityGlobals) = postSolution
		SolutionGuid = {BF3C252E-6543-4F57-B015-A25BD01B22A4}
	EndGlobalSection
EndGlobal
